
Microsoft Visual Studio Solution File, Format Version 12.00
# Visual Studio Version 16
VisualStudioVersion = 16.0.29001.49
MinimumVisualStudioVersion = 10.0.40219.1
Project("{2150E333-8FDC-42A3-9474-1A3956D46DE8}") = ".config", ".config", "{479E6A6D-8D0E-405D-B997-F89D2F013D3A}"
	ProjectSection(SolutionItems) = preProject
		..\..\.editorconfig = ..\..\.editorconfig
		..\..\.gitattributes = ..\..\.gitattributes
		..\..\.gitignore = ..\..\.gitignore
		..\..\NuGet.config = ..\..\NuGet.config
	EndProjectSection
EndProject
Project("{2150E333-8FDC-42A3-9474-1A3956D46DE8}") = "Project", "Project", "{C97C37A3-BF82-435D-9845-7CB5E29A38D5}"
EndProject
Project("{2150E333-8FDC-42A3-9474-1A3956D46DE8}") = "Common", "Common", "{11141AB5-6EE3-472D-9653-2DF28231CF2D}"
EndProject
Project("{FAE04EC0-301F-11D3-BF4B-00C04F79EFBC}") = "BlazorSample.Project.Common", "src\Project\Common\sitecore\BlazorSample.Project.Common.csproj", "{8648EDD2-6C57-4079-ABC7-9C279D8D9958}"
EndProject
Global
	GlobalSection(SolutionConfigurationPlatforms) = preSolution
		Debug|Any CPU = Debug|Any CPU
		Release|Any CPU = Release|Any CPU
	EndGlobalSection
	GlobalSection(ProjectConfigurationPlatforms) = postSolution
		{8648EDD2-6C57-4079-ABC7-9C279D8D9958}.Debug|Any CPU.ActiveCfg = Debug|Any CPU
		{8648EDD2-6C57-4079-ABC7-9C279D8D9958}.Debug|Any CPU.Build.0 = Debug|Any CPU
		{8648EDD2-6C57-4079-ABC7-9C279D8D9958}.Release|Any CPU.ActiveCfg = Release|Any CPU
		{8648EDD2-6C57-4079-ABC7-9C279D8D9958}.Release|Any CPU.Build.0 = Release|Any CPU
	EndGlobalSection
	GlobalSection(SolutionProperties) = preSolution
		HideSolutionNode = FALSE
	EndGlobalSection
	GlobalSection(NestedProjects) = preSolution
		{11141AB5-6EE3-472D-9653-2DF28231CF2D} = {C97C37A3-BF82-435D-9845-7CB5E29A38D5}
		{8648EDD2-6C57-4079-ABC7-9C279D8D9958} = {11141AB5-6EE3-472D-9653-2DF28231CF2D}
	EndGlobalSection
	GlobalSection(ExtensibilityGlobals) = postSolution
		SolutionGuid = {0EAFE537-7AD0-4EB9-8EC0-537D3EA831A4}
	EndGlobalSection
EndGlobal
