
Microsoft Visual Studio Solution File, Format Version 12.00
# Visual Studio Version 16
VisualStudioVersion = 16.0.29001.49
MinimumVisualStudioVersion = 10.0.40219.1
Project("{2150E333-8FDC-42A3-9474-1A3956D46DE8}") = ".config", ".config", "{479E6A6D-8D0E-405D-B997-F89D2F013D3A}"
	ProjectSection(SolutionItems) = preProject
		..\..\.editorconfig = ..\..\.editorconfig
		..\..\.gitattributes = ..\..\.gitattributes
		..\..\.gitignore = ..\..\.gitignore
		src\Project\Common\sitecore\App_Config\Environment\JssBlazor\JssBlazor.Project.Common.Dev.config = src\Project\Common\sitecore\App_Config\Environment\JssBlazor\JssBlazor.Project.Common.Dev.config
		src\Project\Styleguide\sitecore\App_Config\Environment\JssBlazor\JssBlazor.Project.Styleguide.Dev.config = src\Project\Styleguide\sitecore\App_Config\Environment\JssBlazor\JssBlazor.Project.Styleguide.Dev.config
		..\..\NuGet.config = ..\..\NuGet.config
		build\PublishSettings.Sitecore.targets = build\PublishSettings.Sitecore.targets
		README.md = README.md
	EndProjectSection
EndProject
Project("{2150E333-8FDC-42A3-9474-1A3956D46DE8}") = "Project", "Project", "{C97C37A3-BF82-435D-9845-7CB5E29A38D5}"
EndProject
Project("{2150E333-8FDC-42A3-9474-1A3956D46DE8}") = "Common", "Common", "{11141AB5-6EE3-472D-9653-2DF28231CF2D}"
EndProject
Project("{FAE04EC0-301F-11D3-BF4B-00C04F79EFBC}") = "JssBlazor.Project.Common", "src\Project\Common\sitecore\JssBlazor.Project.Common.csproj", "{8648EDD2-6C57-4079-ABC7-9C279D8D9958}"
EndProject
Project("{2150E333-8FDC-42A3-9474-1A3956D46DE8}") = "Foundation", "Foundation", "{9E9E9191-9197-4ACB-8C25-57483D4D3B28}"
EndProject
Project("{2150E333-8FDC-42A3-9474-1A3956D46DE8}") = "Serialization", "Serialization", "{8B5B6F5F-4475-45F6-AFB3-AF7256A3915E}"
EndProject
Project("{FAE04EC0-301F-11D3-BF4B-00C04F79EFBC}") = "JssBlazor.Foundation.Serialization", "src\Foundation\Serialization\sitecore\JssBlazor.Foundation.Serialization.csproj", "{06DED927-F5F9-41DD-8AA7-8F0E7A15FF2C}"
EndProject
Project("{2150E333-8FDC-42A3-9474-1A3956D46DE8}") = "Styleguide", "Styleguide", "{38517220-4EEF-4675-A363-52DD14CD50BE}"
EndProject
Project("{FAE04EC0-301F-11D3-BF4B-00C04F79EFBC}") = "JssBlazor.Project.Styleguide.Sitecore", "src\Project\Styleguide\sitecore\JssBlazor.Project.Styleguide.Sitecore.csproj", "{67BA5D4E-7971-4C76-BCC4-2651AECB98E4}"
EndProject
Global
	GlobalSection(SolutionConfigurationPlatforms) = preSolution
		Debug|Any CPU = Debug|Any CPU
		Release|Any CPU = Release|Any CPU
	EndGlobalSection
	GlobalSection(ProjectConfigurationPlatforms) = postSolution
		{8648EDD2-6C57-4079-ABC7-9C279D8D9958}.Debug|Any CPU.ActiveCfg = Debug|Any CPU
		{8648EDD2-6C57-4079-ABC7-9C279D8D9958}.Debug|Any CPU.Build.0 = Debug|Any CPU
		{8648EDD2-6C57-4079-ABC7-9C279D8D9958}.Release|Any CPU.ActiveCfg = Release|Any CPU
		{8648EDD2-6C57-4079-ABC7-9C279D8D9958}.Release|Any CPU.Build.0 = Release|Any CPU
		{06DED927-F5F9-41DD-8AA7-8F0E7A15FF2C}.Debug|Any CPU.ActiveCfg = Debug|Any CPU
		{06DED927-F5F9-41DD-8AA7-8F0E7A15FF2C}.Debug|Any CPU.Build.0 = Debug|Any CPU
		{06DED927-F5F9-41DD-8AA7-8F0E7A15FF2C}.Release|Any CPU.ActiveCfg = Release|Any CPU
		{06DED927-F5F9-41DD-8AA7-8F0E7A15FF2C}.Release|Any CPU.Build.0 = Release|Any CPU
		{67BA5D4E-7971-4C76-BCC4-2651AECB98E4}.Debug|Any CPU.ActiveCfg = Debug|Any CPU
		{67BA5D4E-7971-4C76-BCC4-2651AECB98E4}.Debug|Any CPU.Build.0 = Debug|Any CPU
		{67BA5D4E-7971-4C76-BCC4-2651AECB98E4}.Release|Any CPU.ActiveCfg = Release|Any CPU
		{67BA5D4E-7971-4C76-BCC4-2651AECB98E4}.Release|Any CPU.Build.0 = Release|Any CPU
	EndGlobalSection
	GlobalSection(SolutionProperties) = preSolution
		HideSolutionNode = FALSE
	EndGlobalSection
	GlobalSection(NestedProjects) = preSolution
		{11141AB5-6EE3-472D-9653-2DF28231CF2D} = {C97C37A3-BF82-435D-9845-7CB5E29A38D5}
		{8648EDD2-6C57-4079-ABC7-9C279D8D9958} = {11141AB5-6EE3-472D-9653-2DF28231CF2D}
		{8B5B6F5F-4475-45F6-AFB3-AF7256A3915E} = {9E9E9191-9197-4ACB-8C25-57483D4D3B28}
		{06DED927-F5F9-41DD-8AA7-8F0E7A15FF2C} = {8B5B6F5F-4475-45F6-AFB3-AF7256A3915E}
		{38517220-4EEF-4675-A363-52DD14CD50BE} = {C97C37A3-BF82-435D-9845-7CB5E29A38D5}
		{67BA5D4E-7971-4C76-BCC4-2651AECB98E4} = {38517220-4EEF-4675-A363-52DD14CD50BE}
	EndGlobalSection
	GlobalSection(ExtensibilityGlobals) = postSolution
		SolutionGuid = {0EAFE537-7AD0-4EB9-8EC0-537D3EA831A4}
	EndGlobalSection
EndGlobal
